
Microsoft Visual Studio Solution File, Format Version 12.00
# Visual Studio Version 16
VisualStudioVersion = 16.0.33529.622
MinimumVisualStudioVersion = 10.0.40219.1
Project("{FAE04EC0-301F-11D3-BF4B-00C04F79EFBC}") = "weatherClient", "weather\weatherClient.csproj", "{B50C3B35-8D5A-46BD-847A-20695DC1C6EE}"
EndProject
Project("{FAE04EC0-301F-11D3-BF4B-00C04F79EFBC}") = "weatherTypeLib", "weatherTypeLib\weatherTypeLib.csproj", "{01A5A2DB-AA32-4887-B80D-3D10AD170305}"
EndProject
Project("{FAE04EC0-301F-11D3-BF4B-00C04F79EFBC}") = "weatheServer", "weatheServer\weatheServer.csproj", "{3960ECD3-CDB7-4C98-B0FE-4E354FD23087}"
EndProject
Global
	GlobalSection(SolutionConfigurationPlatforms) = preSolution
		Debug|Any CPU = Debug|Any CPU
		Release|Any CPU = Release|Any CPU
	EndGlobalSection
	GlobalSection(ProjectConfigurationPlatforms) = postSolution
		{B50C3B35-8D5A-46BD-847A-20695DC1C6EE}.Debug|Any CPU.ActiveCfg = Debug|Any CPU
		{B50C3B35-8D5A-46BD-847A-20695DC1C6EE}.Debug|Any CPU.Build.0 = Debug|Any CPU
		{B50C3B35-8D5A-46BD-847A-20695DC1C6EE}.Release|Any CPU.ActiveCfg = Release|Any CPU
		{B50C3B35-8D5A-46BD-847A-20695DC1C6EE}.Release|Any CPU.Build.0 = Release|Any CPU
		{01A5A2DB-AA32-4887-B80D-3D10AD170305}.Debug|Any CPU.ActiveCfg = Debug|Any CPU
		{01A5A2DB-AA32-4887-B80D-3D10AD170305}.Debug|Any CPU.Build.0 = Debug|Any CPU
		{01A5A2DB-AA32-4887-B80D-3D10AD170305}.Release|Any CPU.ActiveCfg = Release|Any CPU
		{01A5A2DB-AA32-4887-B80D-3D10AD170305}.Release|Any CPU.Build.0 = Release|Any CPU
		{3960ECD3-CDB7-4C98-B0FE-4E354FD23087}.Debug|Any CPU.ActiveCfg = Debug|Any CPU
		{3960ECD3-CDB7-4C98-B0FE-4E354FD23087}.Debug|Any CPU.Build.0 = Debug|Any CPU
		{3960ECD3-CDB7-4C98-B0FE-4E354FD23087}.Release|Any CPU.ActiveCfg = Release|Any CPU
		{3960ECD3-CDB7-4C98-B0FE-4E354FD23087}.Release|Any CPU.Build.0 = Release|Any CPU
	EndGlobalSection
	GlobalSection(SolutionProperties) = preSolution
		HideSolutionNode = FALSE
	EndGlobalSection
	GlobalSection(ExtensibilityGlobals) = postSolution
		SolutionGuid = {17C75875-496B-47B5-8090-2C392A310657}
	EndGlobalSection
EndGlobal
